// !$*UTF8*$!
{
	archiveVersion = 1;
	classes = {
	};
	objectVersion = 48;
	objects = {

/* Begin PBXBuildFile section */
		014234EA20A6EF2E0033833A /* AppDelegate.swift in Sources */ = {isa = PBXBuildFile; fileRef = 014234E920A6EF2E0033833A /* AppDelegate.swift */; };
		014234EC20A6EF2E0033833A /* ToDoListViewController.swift in Sources */ = {isa = PBXBuildFile; fileRef = 014234EB20A6EF2E0033833A /* ToDoListViewController.swift */; };
		014234EF20A6EF2E0033833A /* Main.storyboard in Resources */ = {isa = PBXBuildFile; fileRef = 014234ED20A6EF2E0033833A /* Main.storyboard */; };
		014234F120A6EF2E0033833A /* Assets.xcassets in Resources */ = {isa = PBXBuildFile; fileRef = 014234F020A6EF2E0033833A /* Assets.xcassets */; };
		014234F420A6EF2E0033833A /* LaunchScreen.storyboard in Resources */ = {isa = PBXBuildFile; fileRef = 014234F220A6EF2E0033833A /* LaunchScreen.storyboard */; };
		017BCAAB20AC563500D99C33 /* CategoryViewController.swift in Sources */ = {isa = PBXBuildFile; fileRef = 017BCAAA20AC563500D99C33 /* CategoryViewController.swift */; };
		01E95D0120AAE9CF00200913 /* DataModel.xcdatamodeld in Sources */ = {isa = PBXBuildFile; fileRef = 01E95CFF20AAE9CF00200913 /* DataModel.xcdatamodeld */; };
		5C6601ECDE490424BF9C2F3C /* Pods_my_Todoey.framework in Frameworks */ = {isa = PBXBuildFile; fileRef = 87D1642B17176C2153EEFE00 /* Pods_my_Todoey.framework */; };
/* End PBXBuildFile section */

/* Begin PBXFileReference section */
		014234E620A6EF2E0033833A /* my_Todoey.app */ = {isa = PBXFileReference; explicitFileType = wrapper.application; includeInIndex = 0; path = my_Todoey.app; sourceTree = BUILT_PRODUCTS_DIR; };
		014234E920A6EF2E0033833A /* AppDelegate.swift */ = {isa = PBXFileReference; lastKnownFileType = sourcecode.swift; path = AppDelegate.swift; sourceTree = "<group>"; };
		014234EB20A6EF2E0033833A /* ToDoListViewController.swift */ = {isa = PBXFileReference; lastKnownFileType = sourcecode.swift; path = ToDoListViewController.swift; sourceTree = "<group>"; };
		014234EE20A6EF2E0033833A /* Base */ = {isa = PBXFileReference; lastKnownFileType = file.storyboard; name = Base; path = Base.lproj/Main.storyboard; sourceTree = "<group>"; };
		014234F020A6EF2E0033833A /* Assets.xcassets */ = {isa = PBXFileReference; lastKnownFileType = folder.assetcatalog; path = Assets.xcassets; sourceTree = "<group>"; };
		014234F320A6EF2E0033833A /* Base */ = {isa = PBXFileReference; lastKnownFileType = file.storyboard; name = Base; path = Base.lproj/LaunchScreen.storyboard; sourceTree = "<group>"; };
		014234F520A6EF2E0033833A /* Info.plist */ = {isa = PBXFileReference; lastKnownFileType = text.plist.xml; path = Info.plist; sourceTree = "<group>"; };
		017BCAAA20AC563500D99C33 /* CategoryViewController.swift */ = {isa = PBXFileReference; lastKnownFileType = sourcecode.swift; path = CategoryViewController.swift; sourceTree = "<group>"; };
		01E95D0020AAE9CF00200913 /* DataModel.xcdatamodel */ = {isa = PBXFileReference; lastKnownFileType = wrapper.xcdatamodel; path = DataModel.xcdatamodel; sourceTree = "<group>"; };
		0631CC70A721257845DA39B5 /* Pods-my_Todoey.debug.xcconfig */ = {isa = PBXFileReference; includeInIndex = 1; lastKnownFileType = text.xcconfig; name = "Pods-my_Todoey.debug.xcconfig"; path = "Pods/Target Support Files/Pods-my_Todoey/Pods-my_Todoey.debug.xcconfig"; sourceTree = "<group>"; };
		87D1642B17176C2153EEFE00 /* Pods_my_Todoey.framework */ = {isa = PBXFileReference; explicitFileType = wrapper.framework; includeInIndex = 0; path = Pods_my_Todoey.framework; sourceTree = BUILT_PRODUCTS_DIR; };
		C36A09E862D3FE40BFE3CEE1 /* Pods-my_Todoey.release.xcconfig */ = {isa = PBXFileReference; includeInIndex = 1; lastKnownFileType = text.xcconfig; name = "Pods-my_Todoey.release.xcconfig"; path = "Pods/Target Support Files/Pods-my_Todoey/Pods-my_Todoey.release.xcconfig"; sourceTree = "<group>"; };
/* End PBXFileReference section */

/* Begin PBXFrameworksBuildPhase section */
		014234E320A6EF2E0033833A /* Frameworks */ = {
			isa = PBXFrameworksBuildPhase;
			buildActionMask = 2147483647;
			files = (
				5C6601ECDE490424BF9C2F3C /* Pods_my_Todoey.framework in Frameworks */,
			);
			runOnlyForDeploymentPostprocessing = 0;
		};
/* End PBXFrameworksBuildPhase section */

/* Begin PBXGroup section */
		014234DD20A6EF2E0033833A = {
			isa = PBXGroup;
			children = (
				014234E820A6EF2E0033833A /* my_Todoey */,
				014234E720A6EF2E0033833A /* Products */,
				E6EA229E983ACB5454CEE989 /* Pods */,
				EDF37EB03D39184308426723 /* Frameworks */,
			);
			sourceTree = "<group>";
		};
		014234E720A6EF2E0033833A /* Products */ = {
			isa = PBXGroup;
			children = (
				014234E620A6EF2E0033833A /* my_Todoey.app */,
			);
			name = Products;
			sourceTree = "<group>";
		};
		014234E820A6EF2E0033833A /* my_Todoey */ = {
			isa = PBXGroup;
			children = (
				014234E920A6EF2E0033833A /* AppDelegate.swift */,
				0143A7FE20A842DC000B4BA4 /* Controllers */,
				0143A7FD20A8428A000B4BA4 /* Data Model */,
				0143A7FF20A84311000B4BA4 /* Views */,
				0143A80020A8433A000B4BA4 /* Supporting Files */,
				014234F520A6EF2E0033833A /* Info.plist */,
			);
			path = my_Todoey;
			sourceTree = "<group>";
		};
		0143A7FD20A8428A000B4BA4 /* Data Model */ = {
			isa = PBXGroup;
			children = (
				01E95CFF20AAE9CF00200913 /* DataModel.xcdatamodeld */,
			);
			path = "Data Model";
			sourceTree = "<group>";
		};
		0143A7FE20A842DC000B4BA4 /* Controllers */ = {
			isa = PBXGroup;
			children = (
				017BCAAA20AC563500D99C33 /* CategoryViewController.swift */,
				014234EB20A6EF2E0033833A /* ToDoListViewController.swift */,
			);
			path = Controllers;
			sourceTree = "<group>";
		};
		0143A7FF20A84311000B4BA4 /* Views */ = {
			isa = PBXGroup;
			children = (
				014234ED20A6EF2E0033833A /* Main.storyboard */,
			);
			path = Views;
			sourceTree = "<group>";
		};
		0143A80020A8433A000B4BA4 /* Supporting Files */ = {
			isa = PBXGroup;
			children = (
				014234F020A6EF2E0033833A /* Assets.xcassets */,
				014234F220A6EF2E0033833A /* LaunchScreen.storyboard */,
			);
			path = "Supporting Files";
			sourceTree = "<group>";
		};
		E6EA229E983ACB5454CEE989 /* Pods */ = {
			isa = PBXGroup;
			children = (
				0631CC70A721257845DA39B5 /* Pods-my_Todoey.debug.xcconfig */,
				C36A09E862D3FE40BFE3CEE1 /* Pods-my_Todoey.release.xcconfig */,
			);
			name = Pods;
			sourceTree = "<group>";
		};
		EDF37EB03D39184308426723 /* Frameworks */ = {
			isa = PBXGroup;
			children = (
				87D1642B17176C2153EEFE00 /* Pods_my_Todoey.framework */,
			);
			name = Frameworks;
			sourceTree = "<group>";
		};
/* End PBXGroup section */

/* Begin PBXNativeTarget section */
		014234E520A6EF2E0033833A /* my_Todoey */ = {
			isa = PBXNativeTarget;
			buildConfigurationList = 014234F820A6EF2E0033833A /* Build configuration list for PBXNativeTarget "my_Todoey" */;
			buildPhases = (
				5EEAD0139A4DB38CC2349F2F /* [CP] Check Pods Manifest.lock */,
				014234E220A6EF2E0033833A /* Sources */,
				014234E320A6EF2E0033833A /* Frameworks */,
				014234E420A6EF2E0033833A /* Resources */,
				8EF5C737BD7051699AB2E7A3 /* [CP] Embed Pods Frameworks */,
			);
			buildRules = (
			);
			dependencies = (
			);
			name = my_Todoey;
			productName = my_Todoey;
			productReference = 014234E620A6EF2E0033833A /* my_Todoey.app */;
			productType = "com.apple.product-type.application";
		};
/* End PBXNativeTarget section */

/* Begin PBXProject section */
		014234DE20A6EF2E0033833A /* Project object */ = {
			isa = PBXProject;
			attributes = {
				LastSwiftUpdateCheck = 0920;
				LastUpgradeCheck = 0920;
				ORGANIZATIONNAME = "John Apostolidis";
				TargetAttributes = {
					014234E520A6EF2E0033833A = {
						CreatedOnToolsVersion = 9.2;
						ProvisioningStyle = Automatic;
					};
				};
			};
			buildConfigurationList = 014234E120A6EF2E0033833A /* Build configuration list for PBXProject "my_Todoey" */;
			compatibilityVersion = "Xcode 8.0";
			developmentRegion = en;
			hasScannedForEncodings = 0;
			knownRegions = (
				en,
				Base,
			);
			mainGroup = 014234DD20A6EF2E0033833A;
			productRefGroup = 014234E720A6EF2E0033833A /* Products */;
			projectDirPath = "";
			projectRoot = "";
			targets = (
				014234E520A6EF2E0033833A /* my_Todoey */,
			);
		};
/* End PBXProject section */

/* Begin PBXResourcesBuildPhase section */
		014234E420A6EF2E0033833A /* Resources */ = {
			isa = PBXResourcesBuildPhase;
			buildActionMask = 2147483647;
			files = (
				014234F420A6EF2E0033833A /* LaunchScreen.storyboard in Resources */,
				014234F120A6EF2E0033833A /* Assets.xcassets in Resources */,
				014234EF20A6EF2E0033833A /* Main.storyboard in Resources */,
			);
			runOnlyForDeploymentPostprocessing = 0;
		};
/* End PBXResourcesBuildPhase section */

/* Begin PBXShellScriptBuildPhase section */
		5EEAD0139A4DB38CC2349F2F /* [CP] Check Pods Manifest.lock */ = {
			isa = PBXShellScriptBuildPhase;
			buildActionMask = 2147483647;
			files = (
			);
			inputPaths = (
				"${PODS_PODFILE_DIR_PATH}/Podfile.lock",
				"${PODS_ROOT}/Manifest.lock",
			);
			name = "[CP] Check Pods Manifest.lock";
			outputPaths = (
				"$(DERIVED_FILE_DIR)/Pods-my_Todoey-checkManifestLockResult.txt",
			);
			runOnlyForDeploymentPostprocessing = 0;
			shellPath = /bin/sh;
			shellScript = "diff \"${PODS_PODFILE_DIR_PATH}/Podfile.lock\" \"${PODS_ROOT}/Manifest.lock\" > /dev/null\nif [ $? != 0 ] ; then\n    # print error to STDERR\n    echo \"error: The sandbox is not in sync with the Podfile.lock. Run 'pod install' or update your CocoaPods installation.\" >&2\n    exit 1\nfi\n# This output is used by Xcode 'outputs' to avoid re-running this script phase.\necho \"SUCCESS\" > \"${SCRIPT_OUTPUT_FILE_0}\"\n";
			showEnvVarsInLog = 0;
		};
		8EF5C737BD7051699AB2E7A3 /* [CP] Embed Pods Frameworks */ = {
			isa = PBXShellScriptBuildPhase;
			buildActionMask = 2147483647;
			files = (
			);
			inputPaths = (
				"${SRCROOT}/Pods/Target Support Files/Pods-my_Todoey/Pods-my_Todoey-frameworks.sh",
				"${BUILT_PRODUCTS_DIR}/Realm/Realm.framework",
				"${BUILT_PRODUCTS_DIR}/RealmSwift/RealmSwift.framework",
			);
			name = "[CP] Embed Pods Frameworks";
			outputPaths = (
				"${TARGET_BUILD_DIR}/${FRAMEWORKS_FOLDER_PATH}/Realm.framework",
				"${TARGET_BUILD_DIR}/${FRAMEWORKS_FOLDER_PATH}/RealmSwift.framework",
			);
			runOnlyForDeploymentPostprocessing = 0;
			shellPath = /bin/sh;
			shellScript = "\"${SRCROOT}/Pods/Target Support Files/Pods-my_Todoey/Pods-my_Todoey-frameworks.sh\"\n";
			showEnvVarsInLog = 0;
		};
/* End PBXShellScriptBuildPhase section */

/* Begin PBXSourcesBuildPhase section */
		014234E220A6EF2E0033833A /* Sources */ = {
			isa = PBXSourcesBuildPhase;
			buildActionMask = 2147483647;
			files = (
				017BCAAB20AC563500D99C33 /* CategoryViewController.swift in Sources */,
				014234EC20A6EF2E0033833A /* ToDoListViewController.swift in Sources */,
				01E95D0120AAE9CF00200913 /* DataModel.xcdatamodeld in Sources */,
				014234EA20A6EF2E0033833A /* AppDelegate.swift in Sources */,
			);
			runOnlyForDeploymentPostprocessing = 0;
		};
/* End PBXSourcesBuildPhase section */

/* Begin PBXVariantGroup section */
		014234ED20A6EF2E0033833A /* Main.storyboard */ = {
			isa = PBXVariantGroup;
			children = (
				014234EE20A6EF2E0033833A /* Base */,
			);
			name = Main.storyboard;
			sourceTree = "<group>";
		};
		014234F220A6EF2E0033833A /* LaunchScreen.storyboard */ = {
			isa = PBXVariantGroup;
			children = (
				014234F320A6EF2E0033833A /* Base */,
			);
			name = LaunchScreen.storyboard;
			sourceTree = "<group>";
		};
/* End PBXVariantGroup section */

/* Begin XCBuildConfiguration section */
		014234F620A6EF2E0033833A /* Debug */ = {
			isa = XCBuildConfiguration;
			buildSettings = {
				ALWAYS_SEARCH_USER_PATHS = NO;
				CLANG_ANALYZER_NONNULL = YES;
				CLANG_ANALYZER_NUMBER_OBJECT_CONVERSION = YES_AGGRESSIVE;
				CLANG_CXX_LANGUAGE_STANDARD = "gnu++14";
				CLANG_CXX_LIBRARY = "libc++";
				CLANG_ENABLE_MODULES = YES;
				CLANG_ENABLE_OBJC_ARC = YES;
				CLANG_WARN_BLOCK_CAPTURE_AUTORELEASING = YES;
				CLANG_WARN_BOOL_CONVERSION = YES;
				CLANG_WARN_COMMA = YES;
				CLANG_WARN_CONSTANT_CONVERSION = YES;
				CLANG_WARN_DIRECT_OBJC_ISA_USAGE = YES_ERROR;
				CLANG_WARN_DOCUMENTATION_COMMENTS = YES;
				CLANG_WARN_EMPTY_BODY = YES;
				CLANG_WARN_ENUM_CONVERSION = YES;
				CLANG_WARN_INFINITE_RECURSION = YES;
				CLANG_WARN_INT_CONVERSION = YES;
				CLANG_WARN_NON_LITERAL_NULL_CONVERSION = YES;
				CLANG_WARN_OBJC_LITERAL_CONVERSION = YES;
				CLANG_WARN_OBJC_ROOT_CLASS = YES_ERROR;
				CLANG_WARN_RANGE_LOOP_ANALYSIS = YES;
				CLANG_WARN_STRICT_PROTOTYPES = YES;
				CLANG_WARN_SUSPICIOUS_MOVE = YES;
				CLANG_WARN_UNGUARDED_AVAILABILITY = YES_AGGRESSIVE;
				CLANG_WARN_UNREACHABLE_CODE = YES;
				CLANG_WARN__DUPLICATE_METHOD_MATCH = YES;
				CODE_SIGN_IDENTITY = "iPhone Developer";
				COPY_PHASE_STRIP = NO;
				DEBUG_INFORMATION_FORMAT = dwarf;
				ENABLE_STRICT_OBJC_MSGSEND = YES;
				ENABLE_TESTABILITY = YES;
				GCC_C_LANGUAGE_STANDARD = gnu11;
				GCC_DYNAMIC_NO_PIC = NO;
				GCC_NO_COMMON_BLOCKS = YES;
				GCC_OPTIMIZATION_LEVEL = 0;
				GCC_PREPROCESSOR_DEFINITIONS = (
					"DEBUG=1",
					"$(inherited)",
				);
				GCC_WARN_64_TO_32_BIT_CONVERSION = YES;
				GCC_WARN_ABOUT_RETURN_TYPE = YES_ERROR;
				GCC_WARN_UNDECLARED_SELECTOR = YES;
				GCC_WARN_UNINITIALIZED_AUTOS = YES_AGGRESSIVE;
				GCC_WARN_UNUSED_FUNCTION = YES;
				GCC_WARN_UNUSED_VARIABLE = YES;
				IPHONEOS_DEPLOYMENT_TARGET = 11.2;
				MTL_ENABLE_DEBUG_INFO = YES;
				ONLY_ACTIVE_ARCH = YES;
				SDKROOT = iphoneos;
				SWIFT_ACTIVE_COMPILATION_CONDITIONS = DEBUG;
				SWIFT_OPTIMIZATION_LEVEL = "-Onone";
			};
			name = Debug;
		};
		014234F720A6EF2E0033833A /* Release */ = {
			isa = XCBuildConfiguration;
			buildSettings = {
				ALWAYS_SEARCH_USER_PATHS = NO;
				CLANG_ANALYZER_NONNULL = YES;
				CLANG_ANALYZER_NUMBER_OBJECT_CONVERSION = YES_AGGRESSIVE;
				CLANG_CXX_LANGUAGE_STANDARD = "gnu++14";
				CLANG_CXX_LIBRARY = "libc++";
				CLANG_ENABLE_MODULES = YES;
				CLANG_ENABLE_OBJC_ARC = YES;
				CLANG_WARN_BLOCK_CAPTURE_AUTORELEASING = YES;
				CLANG_WARN_BOOL_CONVERSION = YES;
				CLANG_WARN_COMMA = YES;
				CLANG_WARN_CONSTANT_CONVERSION = YES;
				CLANG_WARN_DIRECT_OBJC_ISA_USAGE = YES_ERROR;
				CLANG_WARN_DOCUMENTATION_COMMENTS = YES;
				CLANG_WARN_EMPTY_BODY = YES;
				CLANG_WARN_ENUM_CONVERSION = YES;
				CLANG_WARN_INFINITE_RECURSION = YES;
				CLANG_WARN_INT_CONVERSION = YES;
				CLANG_WARN_NON_LITERAL_NULL_CONVERSION = YES;
				CLANG_WARN_OBJC_LITERAL_CONVERSION = YES;
				CLANG_WARN_OBJC_ROOT_CLASS = YES_ERROR;
				CLANG_WARN_RANGE_LOOP_ANALYSIS = YES;
				CLANG_WARN_STRICT_PROTOTYPES = YES;
				CLANG_WARN_SUSPICIOUS_MOVE = YES;
				CLANG_WARN_UNGUARDED_AVAILABILITY = YES_AGGRESSIVE;
				CLANG_WARN_UNREACHABLE_CODE = YES;
				CLANG_WARN__DUPLICATE_METHOD_MATCH = YES;
				CODE_SIGN_IDENTITY = "iPhone Developer";
				COPY_PHASE_STRIP = NO;
				DEBUG_INFORMATION_FORMAT = "dwarf-with-dsym";
				ENABLE_NS_ASSERTIONS = NO;
				ENABLE_STRICT_OBJC_MSGSEND = YES;
				GCC_C_LANGUAGE_STANDARD = gnu11;
				GCC_NO_COMMON_BLOCKS = YES;
				GCC_WARN_64_TO_32_BIT_CONVERSION = YES;
				GCC_WARN_ABOUT_RETURN_TYPE = YES_ERROR;
				GCC_WARN_UNDECLARED_SELECTOR = YES;
				GCC_WARN_UNINITIALIZED_AUTOS = YES_AGGRESSIVE;
				GCC_WARN_UNUSED_FUNCTION = YES;
				GCC_WARN_UNUSED_VARIABLE = YES;
				IPHONEOS_DEPLOYMENT_TARGET = 11.2;
				MTL_ENABLE_DEBUG_INFO = NO;
				SDKROOT = iphoneos;
				SWIFT_OPTIMIZATION_LEVEL = "-Owholemodule";
				VALIDATE_PRODUCT = YES;
			};
			name = Release;
		};
		014234F920A6EF2E0033833A /* Debug */ = {
			isa = XCBuildConfiguration;
			baseConfigurationReference = 0631CC70A721257845DA39B5 /* Pods-my_Todoey.debug.xcconfig */;
			buildSettings = {
				ASSETCATALOG_COMPILER_APPICON_NAME = AppIcon;
				CODE_SIGN_STYLE = Automatic;
				DEVELOPMENT_TEAM = 8598D7JTPJ;
				INFOPLIST_FILE = my_Todoey/Info.plist;
				IPHONEOS_DEPLOYMENT_TARGET = 10.3;
				LD_RUNPATH_SEARCH_PATHS = "$(inherited) @executable_path/Frameworks";
				PRODUCT_BUNDLE_IDENTIFIER = "com.johnapostolidis.my-Todoey";
				PRODUCT_NAME = "$(TARGET_NAME)";
				SWIFT_VERSION = 4.0;
				TARGETED_DEVICE_FAMILY = 1;
			};
			name = Debug;
		};
		014234FA20A6EF2E0033833A /* Release */ = {
			isa = XCBuildConfiguration;
			baseConfigurationReference = C36A09E862D3FE40BFE3CEE1 /* Pods-my_Todoey.release.xcconfig */;
			buildSettings = {
				ASSETCATALOG_COMPILER_APPICON_NAME = AppIcon;
				CODE_SIGN_STYLE = Automatic;
				DEVELOPMENT_TEAM = 8598D7JTPJ;
				INFOPLIST_FILE = my_Todoey/Info.plist;
				IPHONEOS_DEPLOYMENT_TARGET = 10.3;
				LD_RUNPATH_SEARCH_PATHS = "$(inherited) @executable_path/Frameworks";
				PRODUCT_BUNDLE_IDENTIFIER = "com.johnapostolidis.my-Todoey";
				PRODUCT_NAME = "$(TARGET_NAME)";
				SWIFT_VERSION = 4.0;
				TARGETED_DEVICE_FAMILY = 1;
			};
			name = Release;
		};
/* End XCBuildConfiguration section */

/* Begin XCConfigurationList section */
		014234E120A6EF2E0033833A /* Build configuration list for PBXProject "my_Todoey" */ = {
			isa = XCConfigurationList;
			buildConfigurations = (
				014234F620A6EF2E0033833A /* Debug */,
				014234F720A6EF2E0033833A /* Release */,
			);
			defaultConfigurationIsVisible = 0;
			defaultConfigurationName = Release;
		};
		014234F820A6EF2E0033833A /* Build configuration list for PBXNativeTarget "my_Todoey" */ = {
			isa = XCConfigurationList;
			buildConfigurations = (
				014234F920A6EF2E0033833A /* Debug */,
				014234FA20A6EF2E0033833A /* Release */,
			);
			defaultConfigurationIsVisible = 0;
			defaultConfigurationName = Release;
		};
/* End XCConfigurationList section */

/* Begin XCVersionGroup section */
		01E95CFF20AAE9CF00200913 /* DataModel.xcdatamodeld */ = {
			isa = XCVersionGroup;
			children = (
				01E95D0020AAE9CF00200913 /* DataModel.xcdatamodel */,
			);
			currentVersion = 01E95D0020AAE9CF00200913 /* DataModel.xcdatamodel */;
			path = DataModel.xcdatamodeld;
			sourceTree = "<group>";
			versionGroupType = wrapper.xcdatamodel;
		};
/* End XCVersionGroup section */
	};
	rootObject = 014234DE20A6EF2E0033833A /* Project object */;
}
